// !$*UTF8*$!
{
	archiveVersion = 1;
	classes = {
	};
	objectVersion = 50;
	objects = {

/* Begin PBXBuildFile section */
		2EB73CA4237B00CE00966A30 /* AppDelegate.swift in Sources */ = {isa = PBXBuildFile; fileRef = 2EB73CA3237B00CE00966A30 /* AppDelegate.swift */; };
		2EB73CA6237B00CE00966A30 /* SceneDelegate.swift in Sources */ = {isa = PBXBuildFile; fileRef = 2EB73CA5237B00CE00966A30 /* SceneDelegate.swift */; };
		2EB73CA8237B00CE00966A30 /* ContentView.swift in Sources */ = {isa = PBXBuildFile; fileRef = 2EB73CA7237B00CE00966A30 /* ContentView.swift */; };
		2EB73CAA237B00D500966A30 /* Assets.xcassets in Resources */ = {isa = PBXBuildFile; fileRef = 2EB73CA9237B00D500966A30 /* Assets.xcassets */; };
		2EB73CAD237B00D500966A30 /* Preview Assets.xcassets in Resources */ = {isa = PBXBuildFile; fileRef = 2EB73CAC237B00D500966A30 /* Preview Assets.xcassets */; };
		2EB73CB0237B00D500966A30 /* LaunchScreen.storyboard in Resources */ = {isa = PBXBuildFile; fileRef = 2EB73CAE237B00D500966A30 /* LaunchScreen.storyboard */; };
		2EB73CB8237B00EF00966A30 /* PaginationView.swift in Sources */ = {isa = PBXBuildFile; fileRef = 2EB73CB7237B00EF00966A30 /* PaginationView.swift */; };
		2EB73CBA237B018700966A30 /* Page.swift in Sources */ = {isa = PBXBuildFile; fileRef = 2EB73CB9237B018700966A30 /* Page.swift */; };
		2EB73CBC237B290800966A30 /* LICENSE.md in Resources */ = {isa = PBXBuildFile; fileRef = 2EB73CBB237B290800966A30 /* LICENSE.md */; };
		2EB73CBE237B297400966A30 /* README.md in Resources */ = {isa = PBXBuildFile; fileRef = 2EB73CBD237B297400966A30 /* README.md */; };
/* End PBXBuildFile section */

/* Begin PBXFileReference section */
		2EB73CA0237B00CE00966A30 /* Pagination.app */ = {isa = PBXFileReference; explicitFileType = wrapper.application; includeInIndex = 0; path = Pagination.app; sourceTree = BUILT_PRODUCTS_DIR; };
		2EB73CA3237B00CE00966A30 /* AppDelegate.swift */ = {isa = PBXFileReference; lastKnownFileType = sourcecode.swift; path = AppDelegate.swift; sourceTree = "<group>"; };
		2EB73CA5237B00CE00966A30 /* SceneDelegate.swift */ = {isa = PBXFileReference; lastKnownFileType = sourcecode.swift; path = SceneDelegate.swift; sourceTree = "<group>"; };
		2EB73CA7237B00CE00966A30 /* ContentView.swift */ = {isa = PBXFileReference; lastKnownFileType = sourcecode.swift; path = ContentView.swift; sourceTree = "<group>"; };
		2EB73CA9237B00D500966A30 /* Assets.xcassets */ = {isa = PBXFileReference; lastKnownFileType = folder.assetcatalog; path = Assets.xcassets; sourceTree = "<group>"; };
		2EB73CAC237B00D500966A30 /* Preview Assets.xcassets */ = {isa = PBXFileReference; lastKnownFileType = folder.assetcatalog; path = "Preview Assets.xcassets"; sourceTree = "<group>"; };
		2EB73CAF237B00D500966A30 /* Base */ = {isa = PBXFileReference; lastKnownFileType = file.storyboard; name = Base; path = Base.lproj/LaunchScreen.storyboard; sourceTree = "<group>"; };
		2EB73CB1237B00D500966A30 /* Info.plist */ = {isa = PBXFileReference; lastKnownFileType = text.plist.xml; path = Info.plist; sourceTree = "<group>"; };
		2EB73CB7237B00EF00966A30 /* PaginationView.swift */ = {isa = PBXFileReference; lastKnownFileType = sourcecode.swift; path = PaginationView.swift; sourceTree = "<group>"; };
		2EB73CB9237B018700966A30 /* Page.swift */ = {isa = PBXFileReference; lastKnownFileType = sourcecode.swift; path = Page.swift; sourceTree = "<group>"; };
		2EB73CBB237B290800966A30 /* LICENSE.md */ = {isa = PBXFileReference; lastKnownFileType = net.daringfireball.markdown; path = LICENSE.md; sourceTree = "<group>"; };
		2EB73CBD237B297400966A30 /* README.md */ = {isa = PBXFileReference; lastKnownFileType = net.daringfireball.markdown; path = README.md; sourceTree = "<group>"; };
/* End PBXFileReference section */

/* Begin PBXFrameworksBuildPhase section */
		2EB73C9D237B00CE00966A30 /* Frameworks */ = {
			isa = PBXFrameworksBuildPhase;
			buildActionMask = 2147483647;
			files = (
			);
			runOnlyForDeploymentPostprocessing = 0;
		};
/* End PBXFrameworksBuildPhase section */

/* Begin PBXGroup section */
		2EB73C97237B00CD00966A30 = {
			isa = PBXGroup;
			children = (
				2EB73CA2237B00CE00966A30 /* Pagination */,
				2EB73CA1237B00CE00966A30 /* Products */,
			);
			sourceTree = "<group>";
		};
		2EB73CA1237B00CE00966A30 /* Products */ = {
			isa = PBXGroup;
			children = (
				2EB73CA0237B00CE00966A30 /* Pagination.app */,
			);
			name = Products;
			sourceTree = "<group>";
		};
		2EB73CA2237B00CE00966A30 /* Pagination */ = {
			isa = PBXGroup;
			children = (
				2EB73CA3237B00CE00966A30 /* AppDelegate.swift */,
				2EB73CA5237B00CE00966A30 /* SceneDelegate.swift */,
				2EB73CA7237B00CE00966A30 /* ContentView.swift */,
				2EB73CA9237B00D500966A30 /* Assets.xcassets */,
				2EB73CAE237B00D500966A30 /* LaunchScreen.storyboard */,
				2EB73CB1237B00D500966A30 /* Info.plist */,
				2EB73CAB237B00D500966A30 /* Preview Content */,
				2EB73CB7237B00EF00966A30 /* PaginationView.swift */,
				2EB73CB9237B018700966A30 /* Page.swift */,
				2EB73CBB237B290800966A30 /* LICENSE.md */,
				2EB73CBD237B297400966A30 /* README.md */,
			);
			path = Pagination;
			sourceTree = "<group>";
		};
		2EB73CAB237B00D500966A30 /* Preview Content */ = {
			isa = PBXGroup;
			children = (
				2EB73CAC237B00D500966A30 /* Preview Assets.xcassets */,
			);
			path = "Preview Content";
			sourceTree = "<group>";
		};
/* End PBXGroup section */

/* Begin PBXNativeTarget section */
		2EB73C9F237B00CE00966A30 /* Pagination */ = {
			isa = PBXNativeTarget;
			buildConfigurationList = 2EB73CB4237B00D500966A30 /* Build configuration list for PBXNativeTarget "Pagination" */;
			buildPhases = (
				2EB73C9C237B00CE00966A30 /* Sources */,
				2EB73C9D237B00CE00966A30 /* Frameworks */,
				2EB73C9E237B00CE00966A30 /* Resources */,
			);
			buildRules = (
			);
			dependencies = (
			);
			name = Pagination;
			productName = Pagination;
			productReference = 2EB73CA0237B00CE00966A30 /* Pagination.app */;
			productType = "com.apple.product-type.application";
		};
/* End PBXNativeTarget section */

/* Begin PBXProject section */
		2EB73C98237B00CD00966A30 /* Project object */ = {
			isa = PBXProject;
			attributes = {
				LastSwiftUpdateCheck = 1100;
				LastUpgradeCheck = 1100;
				ORGANIZATIONNAME = "Roberto Breve ";
				TargetAttributes = {
					2EB73C9F237B00CE00966A30 = {
						CreatedOnToolsVersion = 11.0;
					};
				};
			};
			buildConfigurationList = 2EB73C9B237B00CD00966A30 /* Build configuration list for PBXProject "Pagination" */;
			compatibilityVersion = "Xcode 9.3";
			developmentRegion = en;
			hasScannedForEncodings = 0;
			knownRegions = (
				en,
				Base,
			);
			mainGroup = 2EB73C97237B00CD00966A30;
			productRefGroup = 2EB73CA1237B00CE00966A30 /* Products */;
			projectDirPath = "";
			projectRoot = "";
			targets = (
				2EB73C9F237B00CE00966A30 /* Pagination */,
			);
		};
/* End PBXProject section */

/* Begin PBXResourcesBuildPhase section */
		2EB73C9E237B00CE00966A30 /* Resources */ = {
			isa = PBXResourcesBuildPhase;
			buildActionMask = 2147483647;
			files = (
				2EB73CB0237B00D500966A30 /* LaunchScreen.storyboard in Resources */,
				2EB73CAD237B00D500966A30 /* Preview Assets.xcassets in Resources */,
				2EB73CBE237B297400966A30 /* README.md in Resources */,
				2EB73CBC237B290800966A30 /* LICENSE.md in Resources */,
				2EB73CAA237B00D500966A30 /* Assets.xcassets in Resources */,
			);
			runOnlyForDeploymentPostprocessing = 0;
		};
/* End PBXResourcesBuildPhase section */

/* Begin PBXSourcesBuildPhase section */
		2EB73C9C237B00CE00966A30 /* Sources */ = {
			isa = PBXSourcesBuildPhase;
			buildActionMask = 2147483647;
			files = (
				2EB73CB8237B00EF00966A30 /* PaginationView.swift in Sources */,
				2EB73CA4237B00CE00966A30 /* AppDelegate.swift in Sources */,
				2EB73CA6237B00CE00966A30 /* SceneDelegate.swift in Sources */,
				2EB73CA8237B00CE00966A30 /* ContentView.swift in Sources */,
				2EB73CBA237B018700966A30 /* Page.swift in Sources */,
			);
			runOnlyForDeploymentPostprocessing = 0;
		};
/* End PBXSourcesBuildPhase section */

/* Begin PBXVariantGroup section */
		2EB73CAE237B00D500966A30 /* LaunchScreen.storyboard */ = {
			isa = PBXVariantGroup;
			children = (
				2EB73CAF237B00D500966A30 /* Base */,
			);
			name = LaunchScreen.storyboard;
			sourceTree = "<group>";
		};
/* End PBXVariantGroup section */

/* Begin XCBuildConfiguration section */
		2EB73CB2237B00D500966A30 /* Debug */ = {
			isa = XCBuildConfiguration;
			buildSettings = {
				ALWAYS_SEARCH_USER_PATHS = NO;
				CLANG_ANALYZER_NONNULL = YES;
				CLANG_ANALYZER_NUMBER_OBJECT_CONVERSION = YES_AGGRESSIVE;
				CLANG_CXX_LANGUAGE_STANDARD = "gnu++14";
				CLANG_CXX_LIBRARY = "libc++";
				CLANG_ENABLE_MODULES = YES;
				CLANG_ENABLE_OBJC_ARC = YES;
				CLANG_ENABLE_OBJC_WEAK = YES;
				CLANG_WARN_BLOCK_CAPTURE_AUTORELEASING = YES;
				CLANG_WARN_BOOL_CONVERSION = YES;
				CLANG_WARN_COMMA = YES;
				CLANG_WARN_CONSTANT_CONVERSION = YES;
				CLANG_WARN_DEPRECATED_OBJC_IMPLEMENTATIONS = YES;
				CLANG_WARN_DIRECT_OBJC_ISA_USAGE = YES_ERROR;
				CLANG_WARN_DOCUMENTATION_COMMENTS = YES;
				CLANG_WARN_EMPTY_BODY = YES;
				CLANG_WARN_ENUM_CONVERSION = YES;
				CLANG_WARN_INFINITE_RECURSION = YES;
				CLANG_WARN_INT_CONVERSION = YES;
				CLANG_WARN_NON_LITERAL_NULL_CONVERSION = YES;
				CLANG_WARN_OBJC_IMPLICIT_RETAIN_SELF = YES;
				CLANG_WARN_OBJC_LITERAL_CONVERSION = YES;
				CLANG_WARN_OBJC_ROOT_CLASS = YES_ERROR;
				CLANG_WARN_RANGE_LOOP_ANALYSIS = YES;
				CLANG_WARN_STRICT_PROTOTYPES = YES;
				CLANG_WARN_SUSPICIOUS_MOVE = YES;
				CLANG_WARN_UNGUARDED_AVAILABILITY = YES_AGGRESSIVE;
				CLANG_WARN_UNREACHABLE_CODE = YES;
				CLANG_WARN__DUPLICATE_METHOD_MATCH = YES;
				COPY_PHASE_STRIP = NO;
				DEBUG_INFORMATION_FORMAT = dwarf;
				ENABLE_STRICT_OBJC_MSGSEND = YES;
				ENABLE_TESTABILITY = YES;
				GCC_C_LANGUAGE_STANDARD = gnu11;
				GCC_DYNAMIC_NO_PIC = NO;
				GCC_NO_COMMON_BLOCKS = YES;
				GCC_OPTIMIZATION_LEVEL = 0;
				GCC_PREPROCESSOR_DEFINITIONS = (
					"DEBUG=1",
					"$(inherited)",
				);
				GCC_WARN_64_TO_32_BIT_CONVERSION = YES;
				GCC_WARN_ABOUT_RETURN_TYPE = YES_ERROR;
				GCC_WARN_UNDECLARED_SELECTOR = YES;
				GCC_WARN_UNINITIALIZED_AUTOS = YES_AGGRESSIVE;
				GCC_WARN_UNUSED_FUNCTION = YES;
				GCC_WARN_UNUSED_VARIABLE = YES;
				IPHONEOS_DEPLOYMENT_TARGET = 13.0;
				MTL_ENABLE_DEBUG_INFO = INCLUDE_SOURCE;
				MTL_FAST_MATH = YES;
				ONLY_ACTIVE_ARCH = YES;
				SDKROOT = iphoneos;
				SWIFT_ACTIVE_COMPILATION_CONDITIONS = DEBUG;
				SWIFT_OPTIMIZATION_LEVEL = "-Onone";
			};
			name = Debug;
		};
		2EB73CB3237B00D500966A30 /* Release */ = {
			isa = XCBuildConfiguration;
			buildSettings = {
				ALWAYS_SEARCH_USER_PATHS = NO;
				CLANG_ANALYZER_NONNULL = YES;
				CLANG_ANALYZER_NUMBER_OBJECT_CONVERSION = YES_AGGRESSIVE;
				CLANG_CXX_LANGUAGE_STANDARD = "gnu++14";
				CLANG_CXX_LIBRARY = "libc++";
				CLANG_ENABLE_MODULES = YES;
				CLANG_ENABLE_OBJC_ARC = YES;
				CLANG_ENABLE_OBJC_WEAK = YES;
				CLANG_WARN_BLOCK_CAPTURE_AUTORELEASING = YES;
				CLANG_WARN_BOOL_CONVERSION = YES;
				CLANG_WARN_COMMA = YES;
				CLANG_WARN_CONSTANT_CONVERSION = YES;
				CLANG_WARN_DEPRECATED_OBJC_IMPLEMENTATIONS = YES;
				CLANG_WARN_DIRECT_OBJC_ISA_USAGE = YES_ERROR;
				CLANG_WARN_DOCUMENTATION_COMMENTS = YES;
				CLANG_WARN_EMPTY_BODY = YES;
				CLANG_WARN_ENUM_CONVERSION = YES;
				CLANG_WARN_INFINITE_RECURSION = YES;
				CLANG_WARN_INT_CONVERSION = YES;
				CLANG_WARN_NON_LITERAL_NULL_CONVERSION = YES;
				CLANG_WARN_OBJC_IMPLICIT_RETAIN_SELF = YES;
				CLANG_WARN_OBJC_LITERAL_CONVERSION = YES;
				CLANG_WARN_OBJC_ROOT_CLASS = YES_ERROR;
				CLANG_WARN_RANGE_LOOP_ANALYSIS = YES;
				CLANG_WARN_STRICT_PROTOTYPES = YES;
				CLANG_WARN_SUSPICIOUS_MOVE = YES;
				CLANG_WARN_UNGUARDED_AVAILABILITY = YES_AGGRESSIVE;
				CLANG_WARN_UNREACHABLE_CODE = YES;
				CLANG_WARN__DUPLICATE_METHOD_MATCH = YES;
				COPY_PHASE_STRIP = NO;
				DEBUG_INFORMATION_FORMAT = "dwarf-with-dsym";
				ENABLE_NS_ASSERTIONS = NO;
				ENABLE_STRICT_OBJC_MSGSEND = YES;
				GCC_C_LANGUAGE_STANDARD = gnu11;
				GCC_NO_COMMON_BLOCKS = YES;
				GCC_WARN_64_TO_32_BIT_CONVERSION = YES;
				GCC_WARN_ABOUT_RETURN_TYPE = YES_ERROR;
				GCC_WARN_UNDECLARED_SELECTOR = YES;
				GCC_WARN_UNINITIALIZED_AUTOS = YES_AGGRESSIVE;
				GCC_WARN_UNUSED_FUNCTION = YES;
				GCC_WARN_UNUSED_VARIABLE = YES;
				IPHONEOS_DEPLOYMENT_TARGET = 13.0;
				MTL_ENABLE_DEBUG_INFO = NO;
				MTL_FAST_MATH = YES;
				SDKROOT = iphoneos;
				SWIFT_COMPILATION_MODE = wholemodule;
				SWIFT_OPTIMIZATION_LEVEL = "-O";
				VALIDATE_PRODUCT = YES;
			};
			name = Release;
		};
		2EB73CB5237B00D500966A30 /* Debug */ = {
			isa = XCBuildConfiguration;
			buildSettings = {
				ASSETCATALOG_COMPILER_APPICON_NAME = AppIcon;
				CODE_SIGN_STYLE = Automatic;
				DEVELOPMENT_ASSET_PATHS = "\"Pagination/Preview Content\"";
				DEVELOPMENT_TEAM = M45K9UPZ39;
				ENABLE_PREVIEWS = YES;
				INFOPLIST_FILE = Pagination/Info.plist;
				LD_RUNPATH_SEARCH_PATHS = (
					"$(inherited)",
					"@executable_path/Frameworks",
				);
				PRODUCT_BUNDLE_IDENTIFIER = com.rbreve.Pagination;
				PRODUCT_NAME = "$(TARGET_NAME)";
				SWIFT_VERSION = 5.0;
				TARGETED_DEVICE_FAMILY = "1,2";
			};
			name = Debug;
		};
		2EB73CB6237B00D500966A30 /* Release */ = {
			isa = XCBuildConfiguration;
			buildSettings = {
				ASSETCATALOG_COMPILER_APPICON_NAME = AppIcon;
				CODE_SIGN_STYLE = Automatic;
				DEVELOPMENT_ASSET_PATHS = "\"Pagination/Preview Content\"";
				DEVELOPMENT_TEAM = M45K9UPZ39;
				ENABLE_PREVIEWS = YES;
				INFOPLIST_FILE = Pagination/Info.plist;
				LD_RUNPATH_SEARCH_PATHS = (
					"$(inherited)",
					"@executable_path/Frameworks",
				);
				PRODUCT_BUNDLE_IDENTIFIER = com.rbreve.Pagination;
				PRODUCT_NAME = "$(TARGET_NAME)";
				SWIFT_VERSION = 5.0;
				TARGETED_DEVICE_FAMILY = "1,2";
			};
			name = Release;
		};
/* End XCBuildConfiguration section */

/* Begin XCConfigurationList section */
		2EB73C9B237B00CD00966A30 /* Build configuration list for PBXProject "Pagination" */ = {
			isa = XCConfigurationList;
			buildConfigurations = (
				2EB73CB2237B00D500966A30 /* Debug */,
				2EB73CB3237B00D500966A30 /* Release */,
			);
			defaultConfigurationIsVisible = 0;
			defaultConfigurationName = Release;
		};
		2EB73CB4237B00D500966A30 /* Build configuration list for PBXNativeTarget "Pagination" */ = {
			isa = XCConfigurationList;
			buildConfigurations = (
				2EB73CB5237B00D500966A30 /* Debug */,
				2EB73CB6237B00D500966A30 /* Release */,
			);
			defaultConfigurationIsVisible = 0;
			defaultConfigurationName = Release;
		};
/* End XCConfigurationList section */
	};
	rootObject = 2EB73C98237B00CD00966A30 /* Project object */;
}
